{
    "version": "3.0.0",
    "profile": "developer-agent",
    "modules": [
        "core",
        "python",
        "fastapi",
        "agent-core",
        "supabase",
        "langgraph",
        "expo",
        "prd",
        "security",
        "playwright"
    ],
    "installationId": "7a8aba6a-df90-4bbd-b1ba-9a5e7aa0e372",
    "orgKey": "HNRG-Lab",
    "registry": "HNRG-Lab/ai-collection",
    "installedAt": "2026-06-08T15:13:17.541Z",
    "lastSyncAt": "2026-06-08T15:13:17.541Z",
    "files": {
        ".github/skills/agent-core/SKILL.md": "4ff3ddd540cb5afc901ad0da0782824989e82a8146987a8ae4badb166587723d",
        ".github/skills/create-agent-prd/SKILL.md": "48f64c95b31942e806aea2c92ee4d502c4709c3b405c85676b364c670931028d",
        ".github/agents/developer.agent.md": "4491cbb012a86fcc2a6cb5ceeb952026d080f668c8d036b1b2ccdc16e9494b4d",
        ".github/agents/pm.agent.md": "49add86d3ab97feb54961f530621fe8779e256cebc23e0792dc6732dde38bf25",
        ".github/instructions/core-agent-workflow.instructions.md": "3b91895be16460109a09024c5ba840d1c650ebb26055da1ae3cadaf76c0f6f6a",
        ".github/instructions/core-behavior.instructions.md": "d25f2ceeb8ee061636288f8b4e72afb888e36f8d1d9f1355aa6c9ad6471aa54e",
        ".github/instructions/core-common-errors.instructions.md": "5d72dd18aeb4b610cff8039138617270d8be3a6096142c1480250c529e2ed115",
        ".github/instructions/core-communication.instructions.md": "6a239ecf3e7c088347ab58b0de8f2982f8843753ae118b2cdc95958ebb7969b1",
        ".github/instructions/core-conventions.instructions.md": "5a8d82ca89fb9624a0e8dc2228a3c0681aaf0b9f104194006fac84c7672a0eef",
        ".github/instructions/core-review-checklist.instructions.md": "2b7f00f7055eb3d0b035d11d0140d3556696a6135d0980776cdf82d357ddaf08",
        ".github/instructions/core-security.instructions.md": "4adea870b1f2109ff97f7887987081b315af7c8a6ca5ad29955a3058c6262c46",
        "AGENT_WORKLOG.template.md": "e1f3471e0027c05438ce864373fea04ae4cff81430f3d902b2e458f4bd27dc13",
        ".github/workflows/release.yml": "e4e19143cfcfda1dbd652491c2d6ea35152d226a0168559a61d4fb7d16281927",
        ".github/workflows/security.yml": "a4fba1cb9f5a3146728e0fed329bddd6dbaf17e47960923a31d535896c40a616",
        ".github/skills/expo/SKILL.md": "c2b3a5b946286ed250ad51dd8e34e3dbb30deed6d7dab70bb90880883613a062",
        ".github/agents/fastapi-reviewer.agent.md": "6eae869b73d3c6dcd6071eeb35f529f15b22ce9af75a2f4cd769076fe03e118e",
        ".github/instructions/fastapi.instructions.md": "8c871fc2c769ada3e0b7e2a48e4dc0eb72130aa4f3a598841273758bd81ae402",
        ".github/skills/fastapi/SKILL.md": "2853098696aa9e0db7b43848a5439e5d2d6dc0579fce01ccb7f89d5d25d4d52b",
        ".github/skills/langgraph/SKILL.md": "05dbeb35b39dd8b65be71b57ecae5f70a4729ed4c404a1d88ba14da5528e340e",
        ".github/skills/playwright/SKILL.md": "96098fb685efac73e92c343a0f30999be236313f8113edd67766e8710bc80ca2",
        ".github/skills/create-prd/PRD.template.md": "343faaecd46a85791a3a8ddc0df193ec18780a625cf8677c65bd855788bdc9d4",
        ".github/skills/create-prd/SKILL.md": "b2268a1a79edab26e923619485bc7e35d89dc28a25d8fc96328ceef5df10f08f",
        ".github/agents/python-reviewer.agent.md": "f098a0a5f95ef34bb31e91fd57ee97881a15ba2cfbab69c31247b0384aeb734b",
        ".github/instructions/python.instructions.md": "7bd35e6d89d127d4d86fc3805da7f6ca03126c7b66a24f2fa54ad3c5d1ddc91d",
        ".github/skills/python-project-setup/SKILL.md": "89c4bf731784890a820f23cbf7b2e911a38e230d3f9d411a7698906357bff98c",
        ".github/agents/security-audit.agent.md": "1bb1fe70eb7e2a772fc6ebeebba9767da323702b65386c64335bf4ae745cdfd7",
        ".github/skills/security-compliance/SKILL.md": "028efb979fd6e7f8a7e9102001c14427cad7aa67c01dddef468e3cc1361041fa",
        ".github/skills/security-owasp/SKILL.md": "df8253d5d61ee93c8abc5d7a2d263ee8d412ddef7dd5aae6309ceedf4016fb38",
        ".github/skills/security-remediation/SKILL.md": "2f28109b3f40eea46919028022b74318ad759b0f4a5779e60c3673f4ef7b0ad8",
        ".github/skills/security-sbom/SKILL.md": "ecaa87584883fabd921e04c830b1cf4d423078c5c9d30d48e1c74112e71f0c42",
        ".github/workflows/security-scheduled.yml": "6b215382a66c0b9deca1598dc73aed8d2095f2719e5c899f528aaaf0fd19ce66",
        ".github/instructions/docs.instructions.md": "39a6c583bcab2092a4b2491f0185af5022a7f81207cc74db4a231141184863c1",
        ".github/skills/bootstrap-with-nextjs/SKILL.md": "3f58cf846b74814dd5a06b8b743edae02dee45081a7783a961046e9c1031f521",
        ".github/skills/supabase-python/SKILL.md": "de3c8c752d58cb1de72fd5edb0d122913211c8f790b216a80f6142db2ce2d003",
        ".devcontainer/devcontainer.json": "b6aebaf0f5004afb18ff6cbb373e9f07339d62641c81f5853832fb6a433ce129",
        ".vscode/mcp.json": "1da8caee70a37c40e0cc8c495786d56c30ce901c1691fb68581069ecc86a7e9e",
        ".vscode/settings.json": "83e2988d7dda676d00b4370f5b0a9d9e221584ea3ca8bc0853b4c933faf18d01"
    },
    "remoteSHAs": {
        ".github/skills/agent-core/SKILL.md": "53989a9bacf511ce8e59781e75e33c8747e9d3b2",
        ".github/skills/create-agent-prd/SKILL.md": "36581d2b65196697b6315f2339aaf19e913b57eb",
        ".github/agents/developer.agent.md": "489c82c3c5701fb69b74b13e011e95e7f0b14e96",
        ".github/agents/pm.agent.md": "4c987b681bbb44ee7eeca7bff2e39405d862084e",
        ".github/instructions/core-agent-workflow.instructions.md": "c393b3e76aed9c9712047ee996883464a4578231",
        ".github/instructions/core-behavior.instructions.md": "7b604f8865677368da1321bc8d444ec5ed401536",
        ".github/instructions/core-common-errors.instructions.md": "5a870ee26423d77cfdc5b109030824c9cf997465",
        ".github/instructions/core-communication.instructions.md": "18ed7207efd5fa96e4c5c0f2873ac60b9f3ddc96",
        ".github/instructions/core-conventions.instructions.md": "febe93a81d7898e55494ff9ad5199e215bff9cf2",
        ".github/instructions/core-review-checklist.instructions.md": "71549d111bbd0aa94982fd51421e05b299bd1017",
        ".github/instructions/core-security.instructions.md": "f66ec54996a88e19e62bc1c7301a6e01bc2c1073",
        "AGENT_WORKLOG.template.md": "0962ec9bbed9fa42c9295452afdbe3ce71841d9e",
        ".github/workflows/release.yml": "3bc8c275529c5bdfcce7c0867c470f732c7a4d91",
        ".github/workflows/security.yml": "9613be7dcdd5821f50c81de89bbc7bdea69a0743",
        ".github/skills/expo/SKILL.md": "c9313732f716aba725b096f26b058caa377ab91e",
        ".github/agents/fastapi-reviewer.agent.md": "2d45c46fc4b8dde5f395ffe484766f02e4ac7182",
        ".github/instructions/fastapi.instructions.md": "c15329d49750560ed89c10eaacefe021a37c71ff",
        ".github/skills/fastapi/SKILL.md": "a0b82405d252c3bf6a73e2062ba9b864607f8ed7",
        ".github/skills/langgraph/SKILL.md": "be666975ef058ce5791e0a9848b8d1578d516b05",
        ".github/skills/playwright/SKILL.md": "14b423a9f4a57bdc873baf9acd987db868c406c0",
        ".github/skills/create-prd/PRD.template.md": "888070765a2a9b9c02d8d25457915307d296e9a3",
        ".github/skills/create-prd/SKILL.md": "337a9980f34744c4873c02de9a8128de53df0959",
        ".github/agents/python-reviewer.agent.md": "34fb6c06fe61b8a0b2ee69c0ea25522226a88198",
        ".github/instructions/python.instructions.md": "1604c518c86c9ef7a63b1c41971bdc0c42246db9",
        ".github/skills/python-project-setup/SKILL.md": "dc522336fb290f0560e0d4bbaf52f0352ee88fdb",
        ".github/agents/security-audit.agent.md": "3fdbaa1eeca34ced7bc35a49d64936932281971b",
        ".github/skills/security-compliance/SKILL.md": "d5f1aef3912679b75a28f3afe0cbc62fe546293b",
        ".github/skills/security-owasp/SKILL.md": "e16fd164cfe89c440f1337b90b34c230f01aeee5",
        ".github/skills/security-remediation/SKILL.md": "cd0a88ac46a3f57fa990d2e89f0c910b82b9cf96",
        ".github/skills/security-sbom/SKILL.md": "4a14d9a7781e4d342c1b8cd383fe47c1c8daf075",
        ".github/workflows/security-scheduled.yml": "f2319c36e270a6a8c3140a434ea5787fc77f3257",
        ".github/instructions/docs.instructions.md": "9514081a14112d1708e5dc52d6235eb36ddce265",
        ".github/skills/bootstrap-with-nextjs/SKILL.md": "553495bf45e9487bb69fbe815bb656fbe61ca20f",
        ".github/skills/supabase-python/SKILL.md": "cf37d59c41afba13260b70c11c512ce6b8d55b7d",
        ".devcontainer/devcontainer.json": "315b8e3c0604140b9138c70168ef935c0dbe7e2486d3497b91a94648a0344033",
        ".vscode/mcp.json": "da98bc0d21477a7541fc455a8dd604c0f0f4e691db636f403650c7e4c1f5a435",
        ".vscode/settings.json": "b88c2203f262713caded34e4ada05d53548efb9071659e4c8efca51124638762"
    }
}
